// !$*UTF8*$!
{
	archiveVersion = 1;
	classes = {
	};
	objectVersion = 48;
	objects = {

/* Begin PBXBuildFile section */
		A01F27921FC6496B00166F38 /* main.swift in Sources */ = {isa = PBXBuildFile; fileRef = A01F27911FC6496B00166F38 /* main.swift */; };
		A01F279D1FC719B800166F38 /* main.swift in Sources */ = {isa = PBXBuildFile; fileRef = A01F279C1FC719B800166F38 /* main.swift */; };
		A01F27A81FC79F3E00166F38 /* main.swift in Sources */ = {isa = PBXBuildFile; fileRef = A01F27A71FC79F3E00166F38 /* main.swift */; };
		A02E956E1FC900B700F6232B /* main.swift in Sources */ = {isa = PBXBuildFile; fileRef = A02E956D1FC900B700F6232B /* main.swift */; };
		A02E95791FC9072200F6232B /* main.swift in Sources */ = {isa = PBXBuildFile; fileRef = A02E95781FC9072200F6232B /* main.swift */; };
		A02E95841FCA68C700F6232B /* main.swift in Sources */ = {isa = PBXBuildFile; fileRef = A02E95831FCA68C700F6232B /* main.swift */; };
		A02E958F1FCA6DD900F6232B /* main.swift in Sources */ = {isa = PBXBuildFile; fileRef = A02E958E1FCA6DD900F6232B /* main.swift */; };
		A02E959A1FCAB51800F6232B /* main.swift in Sources */ = {isa = PBXBuildFile; fileRef = A02E95991FCAB51800F6232B /* main.swift */; };
		A0487D431FCDB37600FC3BC0 /* main.swift in Sources */ = {isa = PBXBuildFile; fileRef = A0487D421FCDB37600FC3BC0 /* main.swift */; };
		A0487D4E1FCEBFBD00FC3BC0 /* main.swift in Sources */ = {isa = PBXBuildFile; fileRef = A0487D4D1FCEBFBD00FC3BC0 /* main.swift */; };
		A0487D591FCEC80F00FC3BC0 /* main.swift in Sources */ = {isa = PBXBuildFile; fileRef = A0487D581FCEC80F00FC3BC0 /* main.swift */; };
		A0487D641FCECEF200FC3BC0 /* main.swift in Sources */ = {isa = PBXBuildFile; fileRef = A0487D631FCECEF200FC3BC0 /* main.swift */; };
		A0487D6F1FCF7BF100FC3BC0 /* main.swift in Sources */ = {isa = PBXBuildFile; fileRef = A0487D6E1FCF7BF100FC3BC0 /* main.swift */; };
		A07063121FC4E7E2006CAFD9 /* main.swift in Sources */ = {isa = PBXBuildFile; fileRef = A07063111FC4E7E2006CAFD9 /* main.swift */; };
		A070631F1FC4E808006CAFD9 /* main.swift in Sources */ = {isa = PBXBuildFile; fileRef = A070631E1FC4E808006CAFD9 /* main.swift */; };
		A070632A1FC5B5DC006CAFD9 /* main.swift in Sources */ = {isa = PBXBuildFile; fileRef = A07063291FC5B5DC006CAFD9 /* main.swift */; };
/* End PBXBuildFile section */

/* Begin PBXCopyFilesBuildPhase section */
		A01F278D1FC6496B00166F38 /* CopyFiles */ = {
			isa = PBXCopyFilesBuildPhase;
			buildActionMask = 2147483647;
			dstPath = /usr/share/man/man1/;
			dstSubfolderSpec = 0;
			files = (
			);
			runOnlyForDeploymentPostprocessing = 1;
		};
		A01F27981FC719B800166F38 /* CopyFiles */ = {
			isa = PBXCopyFilesBuildPhase;
			buildActionMask = 2147483647;
			dstPath = /usr/share/man/man1/;
			dstSubfolderSpec = 0;
			files = (
			);
			runOnlyForDeploymentPostprocessing = 1;
		};
		A01F27A31FC79F3E00166F38 /* CopyFiles */ = {
			isa = PBXCopyFilesBuildPhase;
			buildActionMask = 2147483647;
			dstPath = /usr/share/man/man1/;
			dstSubfolderSpec = 0;
			files = (
			);
			runOnlyForDeploymentPostprocessing = 1;
		};
		A02E95691FC900B700F6232B /* CopyFiles */ = {
			isa = PBXCopyFilesBuildPhase;
			buildActionMask = 2147483647;
			dstPath = /usr/share/man/man1/;
			dstSubfolderSpec = 0;
			files = (
			);
			runOnlyForDeploymentPostprocessing = 1;
		};
		A02E95741FC9072200F6232B /* CopyFiles */ = {
			isa = PBXCopyFilesBuildPhase;
			buildActionMask = 2147483647;
			dstPath = /usr/share/man/man1/;
			dstSubfolderSpec = 0;
			files = (
			);
			runOnlyForDeploymentPostprocessing = 1;
		};
		A02E957F1FCA68C700F6232B /* CopyFiles */ = {
			isa = PBXCopyFilesBuildPhase;
			buildActionMask = 2147483647;
			dstPath = /usr/share/man/man1/;
			dstSubfolderSpec = 0;
			files = (
			);
			runOnlyForDeploymentPostprocessing = 1;
		};
		A02E958A1FCA6DD800F6232B /* CopyFiles */ = {
			isa = PBXCopyFilesBuildPhase;
			buildActionMask = 2147483647;
			dstPath = /usr/share/man/man1/;
			dstSubfolderSpec = 0;
			files = (
			);
			runOnlyForDeploymentPostprocessing = 1;
		};
		A02E95951FCAB51800F6232B /* CopyFiles */ = {
			isa = PBXCopyFilesBuildPhase;
			buildActionMask = 2147483647;
			dstPath = /usr/share/man/man1/;
			dstSubfolderSpec = 0;
			files = (
			);
			runOnlyForDeploymentPostprocessing = 1;
		};
		A0487D3E1FCDB37600FC3BC0 /* CopyFiles */ = {
			isa = PBXCopyFilesBuildPhase;
			buildActionMask = 2147483647;
			dstPath = /usr/share/man/man1/;
			dstSubfolderSpec = 0;
			files = (
			);
			runOnlyForDeploymentPostprocessing = 1;
		};
		A0487D491FCEBFBD00FC3BC0 /* CopyFiles */ = {
			isa = PBXCopyFilesBuildPhase;
			buildActionMask = 2147483647;
			dstPath = /usr/share/man/man1/;
			dstSubfolderSpec = 0;
			files = (
			);
			runOnlyForDeploymentPostprocessing = 1;
		};
		A0487D541FCEC80F00FC3BC0 /* CopyFiles */ = {
			isa = PBXCopyFilesBuildPhase;
			buildActionMask = 2147483647;
			dstPath = /usr/share/man/man1/;
			dstSubfolderSpec = 0;
			files = (
			);
			runOnlyForDeploymentPostprocessing = 1;
		};
		A0487D5F1FCECEF200FC3BC0 /* CopyFiles */ = {
			isa = PBXCopyFilesBuildPhase;
			buildActionMask = 2147483647;
			dstPath = /usr/share/man/man1/;
			dstSubfolderSpec = 0;
			files = (
			);
			runOnlyForDeploymentPostprocessing = 1;
		};
		A0487D6A1FCF7BF100FC3BC0 /* CopyFiles */ = {
			isa = PBXCopyFilesBuildPhase;
			buildActionMask = 2147483647;
			dstPath = /usr/share/man/man1/;
			dstSubfolderSpec = 0;
			files = (
			);
			runOnlyForDeploymentPostprocessing = 1;
		};
		A070630C1FC4E7E2006CAFD9 /* CopyFiles */ = {
			isa = PBXCopyFilesBuildPhase;
			buildActionMask = 2147483647;
			dstPath = /usr/share/man/man1/;
			dstSubfolderSpec = 0;
			files = (
			);
			runOnlyForDeploymentPostprocessing = 1;
		};
		A070631A1FC4E808006CAFD9 /* CopyFiles */ = {
			isa = PBXCopyFilesBuildPhase;
			buildActionMask = 2147483647;
			dstPath = /usr/share/man/man1/;
			dstSubfolderSpec = 0;
			files = (
			);
			runOnlyForDeploymentPostprocessing = 1;
		};
		A07063251FC5B5DC006CAFD9 /* CopyFiles */ = {
			isa = PBXCopyFilesBuildPhase;
			buildActionMask = 2147483647;
			dstPath = /usr/share/man/man1/;
			dstSubfolderSpec = 0;
			files = (
			);
			runOnlyForDeploymentPostprocessing = 1;
		};
/* End PBXCopyFilesBuildPhase section */

/* Begin PBXFileReference section */
		A01F278F1FC6496B00166F38 /* Class&Struct */ = {isa = PBXFileReference; explicitFileType = "compiled.mach-o.executable"; includeInIndex = 0; path = "Class&Struct"; sourceTree = BUILT_PRODUCTS_DIR; };
		A01F27911FC6496B00166F38 /* main.swift */ = {isa = PBXFileReference; lastKnownFileType = sourcecode.swift; path = main.swift; sourceTree = "<group>"; };
		A01F279A1FC719B800166F38 /* Properties */ = {isa = PBXFileReference; explicitFileType = "compiled.mach-o.executable"; includeInIndex = 0; path = Properties; sourceTree = BUILT_PRODUCTS_DIR; };
		A01F279C1FC719B800166F38 /* main.swift */ = {isa = PBXFileReference; lastKnownFileType = sourcecode.swift; path = main.swift; sourceTree = "<group>"; };
		A01F27A51FC79F3E00166F38 /* Methods */ = {isa = PBXFileReference; explicitFileType = "compiled.mach-o.executable"; includeInIndex = 0; path = Methods; sourceTree = BUILT_PRODUCTS_DIR; };
		A01F27A71FC79F3E00166F38 /* main.swift */ = {isa = PBXFileReference; lastKnownFileType = sourcecode.swift; path = main.swift; sourceTree = "<group>"; };
		A02E956B1FC900B700F6232B /* Index */ = {isa = PBXFileReference; explicitFileType = "compiled.mach-o.executable"; includeInIndex = 0; path = Index; sourceTree = BUILT_PRODUCTS_DIR; };
		A02E956D1FC900B700F6232B /* main.swift */ = {isa = PBXFileReference; lastKnownFileType = sourcecode.swift; path = main.swift; sourceTree = "<group>"; };
		A02E95761FC9072200F6232B /* Init */ = {isa = PBXFileReference; explicitFileType = "compiled.mach-o.executable"; includeInIndex = 0; path = Init; sourceTree = BUILT_PRODUCTS_DIR; };
		A02E95781FC9072200F6232B /* main.swift */ = {isa = PBXFileReference; lastKnownFileType = sourcecode.swift; path = main.swift; sourceTree = "<group>"; };
		A02E95811FCA68C700F6232B /* Deinit */ = {isa = PBXFileReference; explicitFileType = "compiled.mach-o.executable"; includeInIndex = 0; path = Deinit; sourceTree = BUILT_PRODUCTS_DIR; };
		A02E95831FCA68C700F6232B /* main.swift */ = {isa = PBXFileReference; lastKnownFileType = sourcecode.swift; path = main.swift; sourceTree = "<group>"; };
		A02E958C1FCA6DD800F6232B /* ARCAutomaticReferenceCounting */ = {isa = PBXFileReference; explicitFileType = "compiled.mach-o.executable"; includeInIndex = 0; path = ARCAutomaticReferenceCounting; sourceTree = BUILT_PRODUCTS_DIR; };
		A02E958E1FCA6DD900F6232B /* main.swift */ = {isa = PBXFileReference; lastKnownFileType = sourcecode.swift; path = main.swift; sourceTree = "<group>"; };
		A02E95971FCAB51800F6232B /* OptionalChaining */ = {isa = PBXFileReference; explicitFileType = "compiled.mach-o.executable"; includeInIndex = 0; path = OptionalChaining; sourceTree = BUILT_PRODUCTS_DIR; };
		A02E95991FCAB51800F6232B /* main.swift */ = {isa = PBXFileReference; lastKnownFileType = sourcecode.swift; path = main.swift; sourceTree = "<group>"; };
		A0487D401FCDB37600FC3BC0 /* Errorhandling */ = {isa = PBXFileReference; explicitFileType = "compiled.mach-o.executable"; includeInIndex = 0; path = Errorhandling; sourceTree = BUILT_PRODUCTS_DIR; };
		A0487D421FCDB37600FC3BC0 /* main.swift */ = {isa = PBXFileReference; lastKnownFileType = sourcecode.swift; path = main.swift; sourceTree = "<group>"; };
		A0487D4B1FCEBFBD00FC3BC0 /* TypeTransform */ = {isa = PBXFileReference; explicitFileType = "compiled.mach-o.executable"; includeInIndex = 0; path = TypeTransform; sourceTree = BUILT_PRODUCTS_DIR; };
		A0487D4D1FCEBFBD00FC3BC0 /* main.swift */ = {isa = PBXFileReference; lastKnownFileType = sourcecode.swift; path = main.swift; sourceTree = "<group>"; };
		A0487D561FCEC80F00FC3BC0 /* Extensions */ = {isa = PBXFileReference; explicitFileType = "compiled.mach-o.executable"; includeInIndex = 0; path = Extensions; sourceTree = BUILT_PRODUCTS_DIR; };
		A0487D581FCEC80F00FC3BC0 /* main.swift */ = {isa = PBXFileReference; lastKnownFileType = sourcecode.swift; path = main.swift; sourceTree = "<group>"; };
		A0487D611FCECEF200FC3BC0 /* Protocal */ = {isa = PBXFileReference; explicitFileType = "compiled.mach-o.executable"; includeInIndex = 0; path = Protocal; sourceTree = BUILT_PRODUCTS_DIR; };
		A0487D631FCECEF200FC3BC0 /* main.swift */ = {isa = PBXFileReference; lastKnownFileType = sourcecode.swift; path = main.swift; sourceTree = "<group>"; };
		A0487D6C1FCF7BF100FC3BC0 /* Generic */ = {isa = PBXFileReference; explicitFileType = "compiled.mach-o.executable"; includeInIndex = 0; path = Generic; sourceTree = BUILT_PRODUCTS_DIR; };
		A0487D6E1FCF7BF100FC3BC0 /* main.swift */ = {isa = PBXFileReference; lastKnownFileType = sourcecode.swift; path = main.swift; sourceTree = "<group>"; };
		A070630E1FC4E7E2006CAFD9 /* learningSwift */ = {isa = PBXFileReference; explicitFileType = "compiled.mach-o.executable"; includeInIndex = 0; path = learningSwift; sourceTree = BUILT_PRODUCTS_DIR; };
		A07063111FC4E7E2006CAFD9 /* main.swift */ = {isa = PBXFileReference; lastKnownFileType = sourcecode.swift; path = main.swift; sourceTree = "<group>"; };
		A070631C1FC4E808006CAFD9 /* Closures */ = {isa = PBXFileReference; explicitFileType = "compiled.mach-o.executable"; includeInIndex = 0; path = Closures; sourceTree = BUILT_PRODUCTS_DIR; };
		A070631E1FC4E808006CAFD9 /* main.swift */ = {isa = PBXFileReference; lastKnownFileType = sourcecode.swift; path = main.swift; sourceTree = "<group>"; };
		A07063271FC5B5DC006CAFD9 /* Enumerations */ = {isa = PBXFileReference; explicitFileType = "compiled.mach-o.executable"; includeInIndex = 0; path = Enumerations; sourceTree = BUILT_PRODUCTS_DIR; };
		A07063291FC5B5DC006CAFD9 /* main.swift */ = {isa = PBXFileReference; lastKnownFileType = sourcecode.swift; path = main.swift; sourceTree = "<group>"; };
/* End PBXFileReference section */

/* Begin PBXFrameworksBuildPhase section */
		A01F278C1FC6496B00166F38 /* Frameworks */ = {
			isa = PBXFrameworksBuildPhase;
			buildActionMask = 2147483647;
			files = (
			);
			runOnlyForDeploymentPostprocessing = 0;
		};
		A01F27971FC719B800166F38 /* Frameworks */ = {
			isa = PBXFrameworksBuildPhase;
			buildActionMask = 2147483647;
			files = (
			);
			runOnlyForDeploymentPostprocessing = 0;
		};
		A01F27A21FC79F3E00166F38 /* Frameworks */ = {
			isa = PBXFrameworksBuildPhase;
			buildActionMask = 2147483647;
			files = (
			);
			runOnlyForDeploymentPostprocessing = 0;
		};
		A02E95681FC900B700F6232B /* Frameworks */ = {
			isa = PBXFrameworksBuildPhase;
			buildActionMask = 2147483647;
			files = (
			);
			runOnlyForDeploymentPostprocessing = 0;
		};
		A02E95731FC9072200F6232B /* Frameworks */ = {
			isa = PBXFrameworksBuildPhase;
			buildActionMask = 2147483647;
			files = (
			);
			runOnlyForDeploymentPostprocessing = 0;
		};
		A02E957E1FCA68C700F6232B /* Frameworks */ = {
			isa = PBXFrameworksBuildPhase;
			buildActionMask = 2147483647;
			files = (
			);
			runOnlyForDeploymentPostprocessing = 0;
		};
		A02E95891FCA6DD800F6232B /* Frameworks */ = {
			isa = PBXFrameworksBuildPhase;
			buildActionMask = 2147483647;
			files = (
			);
			runOnlyForDeploymentPostprocessing = 0;
		};
		A02E95941FCAB51800F6232B /* Frameworks */ = {
			isa = PBXFrameworksBuildPhase;
			buildActionMask = 2147483647;
			files = (
			);
			runOnlyForDeploymentPostprocessing = 0;
		};
		A0487D3D1FCDB37600FC3BC0 /* Frameworks */ = {
			isa = PBXFrameworksBuildPhase;
			buildActionMask = 2147483647;
			files = (
			);
			runOnlyForDeploymentPostprocessing = 0;
		};
		A0487D481FCEBFBD00FC3BC0 /* Frameworks */ = {
			isa = PBXFrameworksBuildPhase;
			buildActionMask = 2147483647;
			files = (
			);
			runOnlyForDeploymentPostprocessing = 0;
		};
		A0487D531FCEC80F00FC3BC0 /* Frameworks */ = {
			isa = PBXFrameworksBuildPhase;
			buildActionMask = 2147483647;
			files = (
			);
			runOnlyForDeploymentPostprocessing = 0;
		};
		A0487D5E1FCECEF200FC3BC0 /* Frameworks */ = {
			isa = PBXFrameworksBuildPhase;
			buildActionMask = 2147483647;
			files = (
			);
			runOnlyForDeploymentPostprocessing = 0;
		};
		A0487D691FCF7BF100FC3BC0 /* Frameworks */ = {
			isa = PBXFrameworksBuildPhase;
			buildActionMask = 2147483647;
			files = (
			);
			runOnlyForDeploymentPostprocessing = 0;
		};
		A070630B1FC4E7E2006CAFD9 /* Frameworks */ = {
			isa = PBXFrameworksBuildPhase;
			buildActionMask = 2147483647;
			files = (
			);
			runOnlyForDeploymentPostprocessing = 0;
		};
		A07063191FC4E808006CAFD9 /* Frameworks */ = {
			isa = PBXFrameworksBuildPhase;
			buildActionMask = 2147483647;
			files = (
			);
			runOnlyForDeploymentPostprocessing = 0;
		};
		A07063241FC5B5DC006CAFD9 /* Frameworks */ = {
			isa = PBXFrameworksBuildPhase;
			buildActionMask = 2147483647;
			files = (
			);
			runOnlyForDeploymentPostprocessing = 0;
		};
/* End PBXFrameworksBuildPhase section */

/* Begin PBXGroup section */
		A01F27901FC6496B00166F38 /* Class&Struct */ = {
			isa = PBXGroup;
			children = (
				A01F27911FC6496B00166F38 /* main.swift */,
			);
			path = "Class&Struct";
			sourceTree = "<group>";
		};
		A01F279B1FC719B800166F38 /* Properties */ = {
			isa = PBXGroup;
			children = (
				A01F279C1FC719B800166F38 /* main.swift */,
			);
			path = Properties;
			sourceTree = "<group>";
		};
		A01F27A61FC79F3E00166F38 /* Methods */ = {
			isa = PBXGroup;
			children = (
				A01F27A71FC79F3E00166F38 /* main.swift */,
			);
			path = Methods;
			sourceTree = "<group>";
		};
		A02E956C1FC900B700F6232B /* Index */ = {
			isa = PBXGroup;
			children = (
				A02E956D1FC900B700F6232B /* main.swift */,
			);
			path = Index;
			sourceTree = "<group>";
		};
		A02E95771FC9072200F6232B /* Init */ = {
			isa = PBXGroup;
			children = (
				A02E95781FC9072200F6232B /* main.swift */,
			);
			path = Init;
			sourceTree = "<group>";
		};
		A02E95821FCA68C700F6232B /* Deinit */ = {
			isa = PBXGroup;
			children = (
				A02E95831FCA68C700F6232B /* main.swift */,
			);
			path = Deinit;
			sourceTree = "<group>";
		};
		A02E958D1FCA6DD900F6232B /* ARCAutomaticReferenceCounting */ = {
			isa = PBXGroup;
			children = (
				A02E958E1FCA6DD900F6232B /* main.swift */,
			);
			path = ARCAutomaticReferenceCounting;
			sourceTree = "<group>";
		};
		A02E95981FCAB51800F6232B /* OptionalChaining */ = {
			isa = PBXGroup;
			children = (
				A02E95991FCAB51800F6232B /* main.swift */,
			);
			path = OptionalChaining;
			sourceTree = "<group>";
		};
		A0487D411FCDB37600FC3BC0 /* Errorhandling */ = {
			isa = PBXGroup;
			children = (
				A0487D421FCDB37600FC3BC0 /* main.swift */,
			);
			path = Errorhandling;
			sourceTree = "<group>";
		};
		A0487D4C1FCEBFBD00FC3BC0 /* TypeTransform */ = {
			isa = PBXGroup;
			children = (
				A0487D4D1FCEBFBD00FC3BC0 /* main.swift */,
			);
			path = TypeTransform;
			sourceTree = "<group>";
		};
		A0487D571FCEC80F00FC3BC0 /* Extensions */ = {
			isa = PBXGroup;
			children = (
				A0487D581FCEC80F00FC3BC0 /* main.swift */,
			);
			path = Extensions;
			sourceTree = "<group>";
		};
		A0487D621FCECEF200FC3BC0 /* Protocal */ = {
			isa = PBXGroup;
			children = (
				A0487D631FCECEF200FC3BC0 /* main.swift */,
			);
			path = Protocal;
			sourceTree = "<group>";
		};
		A0487D6D1FCF7BF100FC3BC0 /* Generic */ = {
			isa = PBXGroup;
			children = (
				A0487D6E1FCF7BF100FC3BC0 /* main.swift */,
			);
			path = Generic;
			sourceTree = "<group>";
		};
		A07063051FC4E7E1006CAFD9 = {
			isa = PBXGroup;
			children = (
				A07063101FC4E7E2006CAFD9 /* learningSwift */,
				A070631D1FC4E808006CAFD9 /* Closures */,
				A07063281FC5B5DC006CAFD9 /* Enumerations */,
				A01F27901FC6496B00166F38 /* Class&Struct */,
				A01F279B1FC719B800166F38 /* Properties */,
				A01F27A61FC79F3E00166F38 /* Methods */,
				A02E956C1FC900B700F6232B /* Index */,
				A02E95771FC9072200F6232B /* Init */,
				A02E95821FCA68C700F6232B /* Deinit */,
				A02E958D1FCA6DD900F6232B /* ARCAutomaticReferenceCounting */,
				A02E95981FCAB51800F6232B /* OptionalChaining */,
				A0487D411FCDB37600FC3BC0 /* Errorhandling */,
				A0487D4C1FCEBFBD00FC3BC0 /* TypeTransform */,
				A0487D571FCEC80F00FC3BC0 /* Extensions */,
				A0487D621FCECEF200FC3BC0 /* Protocal */,
				A0487D6D1FCF7BF100FC3BC0 /* Generic */,
				A070630F1FC4E7E2006CAFD9 /* Products */,
			);
			sourceTree = "<group>";
		};
		A070630F1FC4E7E2006CAFD9 /* Products */ = {
			isa = PBXGroup;
			children = (
				A070630E1FC4E7E2006CAFD9 /* learningSwift */,
				A070631C1FC4E808006CAFD9 /* Closures */,
				A07063271FC5B5DC006CAFD9 /* Enumerations */,
				A01F278F1FC6496B00166F38 /* Class&Struct */,
				A01F279A1FC719B800166F38 /* Properties */,
				A01F27A51FC79F3E00166F38 /* Methods */,
				A02E956B1FC900B700F6232B /* Index */,
				A02E95761FC9072200F6232B /* Init */,
				A02E95811FCA68C700F6232B /* Deinit */,
				A02E958C1FCA6DD800F6232B /* ARCAutomaticReferenceCounting */,
				A02E95971FCAB51800F6232B /* OptionalChaining */,
				A0487D401FCDB37600FC3BC0 /* Errorhandling */,
				A0487D4B1FCEBFBD00FC3BC0 /* TypeTransform */,
				A0487D561FCEC80F00FC3BC0 /* Extensions */,
				A0487D611FCECEF200FC3BC0 /* Protocal */,
				A0487D6C1FCF7BF100FC3BC0 /* Generic */,
			);
			name = Products;
			sourceTree = "<group>";
		};
		A07063101FC4E7E2006CAFD9 /* learningSwift */ = {
			isa = PBXGroup;
			children = (
				A07063111FC4E7E2006CAFD9 /* main.swift */,
			);
			path = learningSwift;
			sourceTree = "<group>";
		};
		A070631D1FC4E808006CAFD9 /* Closures */ = {
			isa = PBXGroup;
			children = (
				A070631E1FC4E808006CAFD9 /* main.swift */,
			);
			path = Closures;
			sourceTree = "<group>";
		};
		A07063281FC5B5DC006CAFD9 /* Enumerations */ = {
			isa = PBXGroup;
			children = (
				A07063291FC5B5DC006CAFD9 /* main.swift */,
			);
			path = Enumerations;
			sourceTree = "<group>";
		};
/* End PBXGroup section */

/* Begin PBXNativeTarget section */
		A01F278E1FC6496B00166F38 /* Class&Struct */ = {
			isa = PBXNativeTarget;
			buildConfigurationList = A01F27951FC6496B00166F38 /* Build configuration list for PBXNativeTarget "Class&Struct" */;
			buildPhases = (
				A01F278B1FC6496B00166F38 /* Sources */,
				A01F278C1FC6496B00166F38 /* Frameworks */,
				A01F278D1FC6496B00166F38 /* CopyFiles */,
			);
			buildRules = (
			);
			dependencies = (
			);
			name = "Class&Struct";
			productName = "Class&Struct";
			productReference = A01F278F1FC6496B00166F38 /* Class&Struct */;
			productType = "com.apple.product-type.tool";
		};
		A01F27991FC719B800166F38 /* Properties */ = {
			isa = PBXNativeTarget;
			buildConfigurationList = A01F27A01FC719B800166F38 /* Build configuration list for PBXNativeTarget "Properties" */;
			buildPhases = (
				A01F27961FC719B800166F38 /* Sources */,
				A01F27971FC719B800166F38 /* Frameworks */,
				A01F27981FC719B800166F38 /* CopyFiles */,
			);
			buildRules = (
			);
			dependencies = (
			);
			name = Properties;
			productName = Properties;
			productReference = A01F279A1FC719B800166F38 /* Properties */;
			productType = "com.apple.product-type.tool";
		};
		A01F27A41FC79F3E00166F38 /* Methods */ = {
			isa = PBXNativeTarget;
			buildConfigurationList = A01F27AB1FC79F3E00166F38 /* Build configuration list for PBXNativeTarget "Methods" */;
			buildPhases = (
				A01F27A11FC79F3E00166F38 /* Sources */,
				A01F27A21FC79F3E00166F38 /* Frameworks */,
				A01F27A31FC79F3E00166F38 /* CopyFiles */,
			);
			buildRules = (
			);
			dependencies = (
			);
			name = Methods;
			productName = Methods;
			productReference = A01F27A51FC79F3E00166F38 /* Methods */;
			productType = "com.apple.product-type.tool";
		};
		A02E956A1FC900B700F6232B /* Index */ = {
			isa = PBXNativeTarget;
			buildConfigurationList = A02E95711FC900B700F6232B /* Build configuration list for PBXNativeTarget "Index" */;
			buildPhases = (
				A02E95671FC900B700F6232B /* Sources */,
				A02E95681FC900B700F6232B /* Frameworks */,
				A02E95691FC900B700F6232B /* CopyFiles */,
			);
			buildRules = (
			);
			dependencies = (
			);
			name = Index;
			productName = Index;
			productReference = A02E956B1FC900B700F6232B /* Index */;
			productType = "com.apple.product-type.tool";
		};
		A02E95751FC9072200F6232B /* Init */ = {
			isa = PBXNativeTarget;
			buildConfigurationList = A02E957A1FC9072200F6232B /* Build configuration list for PBXNativeTarget "Init" */;
			buildPhases = (
				A02E95721FC9072200F6232B /* Sources */,
				A02E95731FC9072200F6232B /* Frameworks */,
				A02E95741FC9072200F6232B /* CopyFiles */,
			);
			buildRules = (
			);
			dependencies = (
			);
			name = Init;
			productName = Init;
			productReference = A02E95761FC9072200F6232B /* Init */;
			productType = "com.apple.product-type.tool";
		};
		A02E95801FCA68C700F6232B /* Deinit */ = {
			isa = PBXNativeTarget;
			buildConfigurationList = A02E95871FCA68C700F6232B /* Build configuration list for PBXNativeTarget "Deinit" */;
			buildPhases = (
				A02E957D1FCA68C700F6232B /* Sources */,
				A02E957E1FCA68C700F6232B /* Frameworks */,
				A02E957F1FCA68C700F6232B /* CopyFiles */,
			);
			buildRules = (
			);
			dependencies = (
			);
			name = Deinit;
			productName = Deinit;
			productReference = A02E95811FCA68C700F6232B /* Deinit */;
			productType = "com.apple.product-type.tool";
		};
		A02E958B1FCA6DD800F6232B /* ARCAutomaticReferenceCounting */ = {
			isa = PBXNativeTarget;
			buildConfigurationList = A02E95901FCA6DD900F6232B /* Build configuration list for PBXNativeTarget "ARCAutomaticReferenceCounting" */;
			buildPhases = (
				A02E95881FCA6DD800F6232B /* Sources */,
				A02E95891FCA6DD800F6232B /* Frameworks */,
				A02E958A1FCA6DD800F6232B /* CopyFiles */,
			);
			buildRules = (
			);
			dependencies = (
			);
			name = ARCAutomaticReferenceCounting;
			productName = ARCAutomaticReferenceCounting;
			productReference = A02E958C1FCA6DD800F6232B /* ARCAutomaticReferenceCounting */;
			productType = "com.apple.product-type.tool";
		};
		A02E95961FCAB51800F6232B /* OptionalChaining */ = {
			isa = PBXNativeTarget;
			buildConfigurationList = A02E959B1FCAB51800F6232B /* Build configuration list for PBXNativeTarget "OptionalChaining" */;
			buildPhases = (
				A02E95931FCAB51800F6232B /* Sources */,
				A02E95941FCAB51800F6232B /* Frameworks */,
				A02E95951FCAB51800F6232B /* CopyFiles */,
			);
			buildRules = (
			);
			dependencies = (
			);
			name = OptionalChaining;
			productName = OptionalChaining;
			productReference = A02E95971FCAB51800F6232B /* OptionalChaining */;
			productType = "com.apple.product-type.tool";
		};
		A0487D3F1FCDB37600FC3BC0 /* Errorhandling */ = {
			isa = PBXNativeTarget;
			buildConfigurationList = A0487D461FCDB37600FC3BC0 /* Build configuration list for PBXNativeTarget "Errorhandling" */;
			buildPhases = (
				A0487D3C1FCDB37600FC3BC0 /* Sources */,
				A0487D3D1FCDB37600FC3BC0 /* Frameworks */,
				A0487D3E1FCDB37600FC3BC0 /* CopyFiles */,
			);
			buildRules = (
			);
			dependencies = (
			);
			name = Errorhandling;
			productName = Errorhandling;
			productReference = A0487D401FCDB37600FC3BC0 /* Errorhandling */;
			productType = "com.apple.product-type.tool";
		};
		A0487D4A1FCEBFBD00FC3BC0 /* TypeTransform */ = {
			isa = PBXNativeTarget;
			buildConfigurationList = A0487D511FCEBFBD00FC3BC0 /* Build configuration list for PBXNativeTarget "TypeTransform" */;
			buildPhases = (
				A0487D471FCEBFBD00FC3BC0 /* Sources */,
				A0487D481FCEBFBD00FC3BC0 /* Frameworks */,
				A0487D491FCEBFBD00FC3BC0 /* CopyFiles */,
			);
			buildRules = (
			);
			dependencies = (
			);
			name = TypeTransform;
			productName = TypeTransform;
			productReference = A0487D4B1FCEBFBD00FC3BC0 /* TypeTransform */;
			productType = "com.apple.product-type.tool";
		};
		A0487D551FCEC80F00FC3BC0 /* Extensions */ = {
			isa = PBXNativeTarget;
			buildConfigurationList = A0487D5A1FCEC80F00FC3BC0 /* Build configuration list for PBXNativeTarget "Extensions" */;
			buildPhases = (
				A0487D521FCEC80F00FC3BC0 /* Sources */,
				A0487D531FCEC80F00FC3BC0 /* Frameworks */,
				A0487D541FCEC80F00FC3BC0 /* CopyFiles */,
			);
			buildRules = (
			);
			dependencies = (
			);
			name = Extensions;
			productName = Extensions;
			productReference = A0487D561FCEC80F00FC3BC0 /* Extensions */;
			productType = "com.apple.product-type.tool";
		};
		A0487D601FCECEF200FC3BC0 /* Protocal */ = {
			isa = PBXNativeTarget;
			buildConfigurationList = A0487D651FCECEF200FC3BC0 /* Build configuration list for PBXNativeTarget "Protocal" */;
			buildPhases = (
				A0487D5D1FCECEF200FC3BC0 /* Sources */,
				A0487D5E1FCECEF200FC3BC0 /* Frameworks */,
				A0487D5F1FCECEF200FC3BC0 /* CopyFiles */,
			);
			buildRules = (
			);
			dependencies = (
			);
			name = Protocal;
			productName = Protocal;
			productReference = A0487D611FCECEF200FC3BC0 /* Protocal */;
			productType = "com.apple.product-type.tool";
		};
		A0487D6B1FCF7BF100FC3BC0 /* Generic */ = {
			isa = PBXNativeTarget;
			buildConfigurationList = A0487D701FCF7BF100FC3BC0 /* Build configuration list for PBXNativeTarget "Generic" */;
			buildPhases = (
				A0487D681FCF7BF100FC3BC0 /* Sources */,
				A0487D691FCF7BF100FC3BC0 /* Frameworks */,
				A0487D6A1FCF7BF100FC3BC0 /* CopyFiles */,
			);
			buildRules = (
			);
			dependencies = (
			);
			name = Generic;
			productName = Generic;
			productReference = A0487D6C1FCF7BF100FC3BC0 /* Generic */;
			productType = "com.apple.product-type.tool";
		};
		A070630D1FC4E7E2006CAFD9 /* learningSwift */ = {
			isa = PBXNativeTarget;
			buildConfigurationList = A07063151FC4E7E2006CAFD9 /* Build configuration list for PBXNativeTarget "learningSwift" */;
			buildPhases = (
				A070630A1FC4E7E2006CAFD9 /* Sources */,
				A070630B1FC4E7E2006CAFD9 /* Frameworks */,
				A070630C1FC4E7E2006CAFD9 /* CopyFiles */,
			);
			buildRules = (
			);
			dependencies = (
			);
			name = learningSwift;
			productName = learningSwift;
			productReference = A070630E1FC4E7E2006CAFD9 /* learningSwift */;
			productType = "com.apple.product-type.tool";
		};
		A070631B1FC4E808006CAFD9 /* Closures */ = {
			isa = PBXNativeTarget;
			buildConfigurationList = A07063201FC4E808006CAFD9 /* Build configuration list for PBXNativeTarget "Closures" */;
			buildPhases = (
				A07063181FC4E808006CAFD9 /* Sources */,
				A07063191FC4E808006CAFD9 /* Frameworks */,
				A070631A1FC4E808006CAFD9 /* CopyFiles */,
			);
			buildRules = (
			);
			dependencies = (
			);
			name = Closures;
			productName = Closures;
			productReference = A070631C1FC4E808006CAFD9 /* Closures */;
			productType = "com.apple.product-type.tool";
		};
		A07063261FC5B5DC006CAFD9 /* Enumerations */ = {
			isa = PBXNativeTarget;
			buildConfigurationList = A070632B1FC5B5DC006CAFD9 /* Build configuration list for PBXNativeTarget "Enumerations" */;
			buildPhases = (
				A07063231FC5B5DC006CAFD9 /* Sources */,
				A07063241FC5B5DC006CAFD9 /* Frameworks */,
				A07063251FC5B5DC006CAFD9 /* CopyFiles */,
			);
			buildRules = (
			);
			dependencies = (
			);
			name = Enumerations;
			productName = Enumerations;
			productReference = A07063271FC5B5DC006CAFD9 /* Enumerations */;
			productType = "com.apple.product-type.tool";
		};
/* End PBXNativeTarget section */

/* Begin PBXProject section */
		A07063061FC4E7E1006CAFD9 /* Project object */ = {
			isa = PBXProject;
			attributes = {
				LastSwiftUpdateCheck = 0910;
				LastUpgradeCheck = 0910;
				ORGANIZATIONNAME = SnoopPanda;
				TargetAttributes = {
					A01F278E1FC6496B00166F38 = {
						CreatedOnToolsVersion = 9.1;
						ProvisioningStyle = Automatic;
					};
					A01F27991FC719B800166F38 = {
						CreatedOnToolsVersion = 9.1;
						ProvisioningStyle = Automatic;
					};
					A01F27A41FC79F3E00166F38 = {
						CreatedOnToolsVersion = 9.1;
						ProvisioningStyle = Automatic;
					};
					A02E956A1FC900B700F6232B = {
						CreatedOnToolsVersion = 9.1;
						ProvisioningStyle = Automatic;
					};
					A02E95751FC9072200F6232B = {
						CreatedOnToolsVersion = 9.1;
						ProvisioningStyle = Automatic;
					};
					A02E95801FCA68C700F6232B = {
						CreatedOnToolsVersion = 9.1;
						ProvisioningStyle = Automatic;
					};
					A02E958B1FCA6DD800F6232B = {
						CreatedOnToolsVersion = 9.1;
						ProvisioningStyle = Automatic;
					};
					A02E95961FCAB51800F6232B = {
						CreatedOnToolsVersion = 9.1;
						ProvisioningStyle = Automatic;
					};
					A0487D3F1FCDB37600FC3BC0 = {
						CreatedOnToolsVersion = 9.1;
						ProvisioningStyle = Automatic;
					};
					A0487D4A1FCEBFBD00FC3BC0 = {
						CreatedOnToolsVersion = 9.1;
						ProvisioningStyle = Automatic;
					};
					A0487D551FCEC80F00FC3BC0 = {
						CreatedOnToolsVersion = 9.1;
						ProvisioningStyle = Automatic;
					};
					A0487D601FCECEF200FC3BC0 = {
						CreatedOnToolsVersion = 9.1;
						ProvisioningStyle = Automatic;
					};
					A0487D6B1FCF7BF100FC3BC0 = {
						CreatedOnToolsVersion = 9.1;
						ProvisioningStyle = Automatic;
					};
					A070630D1FC4E7E2006CAFD9 = {
						CreatedOnToolsVersion = 9.1;
						ProvisioningStyle = Automatic;
					};
					A070631B1FC4E808006CAFD9 = {
						CreatedOnToolsVersion = 9.1;
						ProvisioningStyle = Automatic;
					};
					A07063261FC5B5DC006CAFD9 = {
						CreatedOnToolsVersion = 9.1;
						ProvisioningStyle = Automatic;
					};
				};
			};
			buildConfigurationList = A07063091FC4E7E1006CAFD9 /* Build configuration list for PBXProject "learningSwift" */;
			compatibilityVersion = "Xcode 8.0";
			developmentRegion = en;
			hasScannedForEncodings = 0;
			knownRegions = (
				en,
			);
			mainGroup = A07063051FC4E7E1006CAFD9;
			productRefGroup = A070630F1FC4E7E2006CAFD9 /* Products */;
			projectDirPath = "";
			projectRoot = "";
			targets = (
				A070630D1FC4E7E2006CAFD9 /* learningSwift */,
				A070631B1FC4E808006CAFD9 /* Closures */,
				A07063261FC5B5DC006CAFD9 /* Enumerations */,
				A01F278E1FC6496B00166F38 /* Class&Struct */,
				A01F27991FC719B800166F38 /* Properties */,
				A01F27A41FC79F3E00166F38 /* Methods */,
				A02E956A1FC900B700F6232B /* Index */,
				A02E95751FC9072200F6232B /* Init */,
				A02E95801FCA68C700F6232B /* Deinit */,
				A02E958B1FCA6DD800F6232B /* ARCAutomaticReferenceCounting */,
				A02E95961FCAB51800F6232B /* OptionalChaining */,
				A0487D3F1FCDB37600FC3BC0 /* Errorhandling */,
				A0487D4A1FCEBFBD00FC3BC0 /* TypeTransform */,
				A0487D551FCEC80F00FC3BC0 /* Extensions */,
				A0487D601FCECEF200FC3BC0 /* Protocal */,
				A0487D6B1FCF7BF100FC3BC0 /* Generic */,
			);
		};
/* End PBXProject section */

/* Begin PBXSourcesBuildPhase section */
		A01F278B1FC6496B00166F38 /* Sources */ = {
			isa = PBXSourcesBuildPhase;
			buildActionMask = 2147483647;
			files = (
				A01F27921FC6496B00166F38 /* main.swift in Sources */,
			);
			runOnlyForDeploymentPostprocessing = 0;
		};
		A01F27961FC719B800166F38 /* Sources */ = {
			isa = PBXSourcesBuildPhase;
			buildActionMask = 2147483647;
			files = (
				A01F279D1FC719B800166F38 /* main.swift in Sources */,
			);
			runOnlyForDeploymentPostprocessing = 0;
		};
		A01F27A11FC79F3E00166F38 /* Sources */ = {
			isa = PBXSourcesBuildPhase;
			buildActionMask = 2147483647;
			files = (
				A01F27A81FC79F3E00166F38 /* main.swift in Sources */,
			);
			runOnlyForDeploymentPostprocessing = 0;
		};
		A02E95671FC900B700F6232B /* Sources */ = {
			isa = PBXSourcesBuildPhase;
			buildActionMask = 2147483647;
			files = (
				A02E956E1FC900B700F6232B /* main.swift in Sources */,
			);
			runOnlyForDeploymentPostprocessing = 0;
		};
		A02E95721FC9072200F6232B /* Sources */ = {
			isa = PBXSourcesBuildPhase;
			buildActionMask = 2147483647;
			files = (
				A02E95791FC9072200F6232B /* main.swift in Sources */,
			);
			runOnlyForDeploymentPostprocessing = 0;
		};
		A02E957D1FCA68C700F6232B /* Sources */ = {
			isa = PBXSourcesBuildPhase;
			buildActionMask = 2147483647;
			files = (
				A02E95841FCA68C700F6232B /* main.swift in Sources */,
			);
			runOnlyForDeploymentPostprocessing = 0;
		};
		A02E95881FCA6DD800F6232B /* Sources */ = {
			isa = PBXSourcesBuildPhase;
			buildActionMask = 2147483647;
			files = (
				A02E958F1FCA6DD900F6232B /* main.swift in Sources */,
			);
			runOnlyForDeploymentPostprocessing = 0;
		};
		A02E95931FCAB51800F6232B /* Sources */ = {
			isa = PBXSourcesBuildPhase;
			buildActionMask = 2147483647;
			files = (
				A02E959A1FCAB51800F6232B /* main.swift in Sources */,
			);
			runOnlyForDeploymentPostprocessing = 0;
		};
		A0487D3C1FCDB37600FC3BC0 /* Sources */ = {
			isa = PBXSourcesBuildPhase;
			buildActionMask = 2147483647;
			files = (
				A0487D431FCDB37600FC3BC0 /* main.swift in Sources */,
			);
			runOnlyForDeploymentPostprocessing = 0;
		};
		A0487D471FCEBFBD00FC3BC0 /* Sources */ = {
			isa = PBXSourcesBuildPhase;
			buildActionMask = 2147483647;
			files = (
				A0487D4E1FCEBFBD00FC3BC0 /* main.swift in Sources */,
			);
			runOnlyForDeploymentPostprocessing = 0;
		};
		A0487D521FCEC80F00FC3BC0 /* Sources */ = {
			isa = PBXSourcesBuildPhase;
			buildActionMask = 2147483647;
			files = (
				A0487D591FCEC80F00FC3BC0 /* main.swift in Sources */,
			);
			runOnlyForDeploymentPostprocessing = 0;
		};
		A0487D5D1FCECEF200FC3BC0 /* Sources */ = {
			isa = PBXSourcesBuildPhase;
			buildActionMask = 2147483647;
			files = (
				A0487D641FCECEF200FC3BC0 /* main.swift in Sources */,
			);
			runOnlyForDeploymentPostprocessing = 0;
		};
		A0487D681FCF7BF100FC3BC0 /* Sources */ = {
			isa = PBXSourcesBuildPhase;
			buildActionMask = 2147483647;
			files = (
				A0487D6F1FCF7BF100FC3BC0 /* main.swift in Sources */,
			);
			runOnlyForDeploymentPostprocessing = 0;
		};
		A070630A1FC4E7E2006CAFD9 /* Sources */ = {
			isa = PBXSourcesBuildPhase;
			buildActionMask = 2147483647;
			files = (
				A07063121FC4E7E2006CAFD9 /* main.swift in Sources */,
			);
			runOnlyForDeploymentPostprocessing = 0;
		};
		A07063181FC4E808006CAFD9 /* Sources */ = {
			isa = PBXSourcesBuildPhase;
			buildActionMask = 2147483647;
			files = (
				A070631F1FC4E808006CAFD9 /* main.swift in Sources */,
			);
			runOnlyForDeploymentPostprocessing = 0;
		};
		A07063231FC5B5DC006CAFD9 /* Sources */ = {
			isa = PBXSourcesBuildPhase;
			buildActionMask = 2147483647;
			files = (
				A070632A1FC5B5DC006CAFD9 /* main.swift in Sources */,
			);
			runOnlyForDeploymentPostprocessing = 0;
		};
/* End PBXSourcesBuildPhase section */

/* Begin XCBuildConfiguration section */
		A01F27931FC6496B00166F38 /* Debug */ = {
			isa = XCBuildConfiguration;
			buildSettings = {
				CODE_SIGN_STYLE = Automatic;
				PRODUCT_NAME = "$(TARGET_NAME)";
				SWIFT_VERSION = 4.0;
			};
			name = Debug;
		};
		A01F27941FC6496B00166F38 /* Release */ = {
			isa = XCBuildConfiguration;
			buildSettings = {
				CODE_SIGN_STYLE = Automatic;
				PRODUCT_NAME = "$(TARGET_NAME)";
				SWIFT_VERSION = 4.0;
			};
			name = Release;
		};
		A01F279E1FC719B800166F38 /* Debug */ = {
			isa = XCBuildConfiguration;
			buildSettings = {
				CODE_SIGN_STYLE = Automatic;
				PRODUCT_NAME = "$(TARGET_NAME)";
				SWIFT_VERSION = 4.0;
			};
			name = Debug;
		};
		A01F279F1FC719B800166F38 /* Release */ = {
			isa = XCBuildConfiguration;
			buildSettings = {
				CODE_SIGN_STYLE = Automatic;
				PRODUCT_NAME = "$(TARGET_NAME)";
				SWIFT_VERSION = 4.0;
			};
			name = Release;
		};
		A01F27A91FC79F3E00166F38 /* Debug */ = {
			isa = XCBuildConfiguration;
			buildSettings = {
				CODE_SIGN_STYLE = Automatic;
				PRODUCT_NAME = "$(TARGET_NAME)";
				SWIFT_VERSION = 4.0;
			};
			name = Debug;
		};
		A01F27AA1FC79F3E00166F38 /* Release */ = {
			isa = XCBuildConfiguration;
			buildSettings = {
				CODE_SIGN_STYLE = Automatic;
				PRODUCT_NAME = "$(TARGET_NAME)";
				SWIFT_VERSION = 4.0;
			};
			name = Release;
		};
		A02E956F1FC900B700F6232B /* Debug */ = {
			isa = XCBuildConfiguration;
			buildSettings = {
				CODE_SIGN_STYLE = Automatic;
				PRODUCT_NAME = "$(TARGET_NAME)";
				SWIFT_VERSION = 4.0;
			};
			name = Debug;
		};
		A02E95701FC900B700F6232B /* Release */ = {
			isa = XCBuildConfiguration;
			buildSettings = {
				CODE_SIGN_STYLE = Automatic;
				PRODUCT_NAME = "$(TARGET_NAME)";
				SWIFT_VERSION = 4.0;
			};
			name = Release;
		};
		A02E957B1FC9072200F6232B /* Debug */ = {
			isa = XCBuildConfiguration;
			buildSettings = {
				CODE_SIGN_STYLE = Automatic;
				PRODUCT_NAME = "$(TARGET_NAME)";
				SWIFT_VERSION = 4.0;
			};
			name = Debug;
		};
		A02E957C1FC9072200F6232B /* Release */ = {
			isa = XCBuildConfiguration;
			buildSettings = {
				CODE_SIGN_STYLE = Automatic;
				PRODUCT_NAME = "$(TARGET_NAME)";
				SWIFT_VERSION = 4.0;
			};
			name = Release;
		};
		A02E95851FCA68C700F6232B /* Debug */ = {
			isa = XCBuildConfiguration;
			buildSettings = {
				CODE_SIGN_STYLE = Automatic;
				PRODUCT_NAME = "$(TARGET_NAME)";
				SWIFT_VERSION = 4.0;
			};
			name = Debug;
		};
		A02E95861FCA68C700F6232B /* Release */ = {
			isa = XCBuildConfiguration;
			buildSettings = {
				CODE_SIGN_STYLE = Automatic;
				PRODUCT_NAME = "$(TARGET_NAME)";
				SWIFT_VERSION = 4.0;
			};
			name = Release;
		};
		A02E95911FCA6DD900F6232B /* Debug */ = {
			isa = XCBuildConfiguration;
			buildSettings = {
				CODE_SIGN_STYLE = Automatic;
				PRODUCT_NAME = "$(TARGET_NAME)";
				SWIFT_VERSION = 4.0;
			};
			name = Debug;
		};
		A02E95921FCA6DD900F6232B /* Release */ = {
			isa = XCBuildConfiguration;
			buildSettings = {
				CODE_SIGN_STYLE = Automatic;
				PRODUCT_NAME = "$(TARGET_NAME)";
				SWIFT_VERSION = 4.0;
			};
			name = Release;
		};
		A02E959C1FCAB51800F6232B /* Debug */ = {
			isa = XCBuildConfiguration;
			buildSettings = {
				CODE_SIGN_STYLE = Automatic;
				PRODUCT_NAME = "$(TARGET_NAME)";
				SWIFT_VERSION = 4.0;
			};
			name = Debug;
		};
		A02E959D1FCAB51800F6232B /* Release */ = {
			isa = XCBuildConfiguration;
			buildSettings = {
				CODE_SIGN_STYLE = Automatic;
				PRODUCT_NAME = "$(TARGET_NAME)";
				SWIFT_VERSION = 4.0;
			};
			name = Release;
		};
		A0487D441FCDB37600FC3BC0 /* Debug */ = {
			isa = XCBuildConfiguration;
			buildSettings = {
				CODE_SIGN_STYLE = Automatic;
				PRODUCT_NAME = "$(TARGET_NAME)";
				SWIFT_VERSION = 4.0;
			};
			name = Debug;
		};
		A0487D451FCDB37600FC3BC0 /* Release */ = {
			isa = XCBuildConfiguration;
			buildSettings = {
				CODE_SIGN_STYLE = Automatic;
				PRODUCT_NAME = "$(TARGET_NAME)";
				SWIFT_VERSION = 4.0;
			};
			name = Release;
		};
		A0487D4F1FCEBFBD00FC3BC0 /* Debug */ = {
			isa = XCBuildConfiguration;
			buildSettings = {
				CODE_SIGN_STYLE = Automatic;
				PRODUCT_NAME = "$(TARGET_NAME)";
				SWIFT_VERSION = 4.0;
			};
			name = Debug;
		};
		A0487D501FCEBFBD00FC3BC0 /* Release */ = {
			isa = XCBuildConfiguration;
			buildSettings = {
				CODE_SIGN_STYLE = Automatic;
				PRODUCT_NAME = "$(TARGET_NAME)";
				SWIFT_VERSION = 4.0;
			};
			name = Release;
		};
		A0487D5B1FCEC80F00FC3BC0 /* Debug */ = {
			isa = XCBuildConfiguration;
			buildSettings = {
				CODE_SIGN_STYLE = Automatic;
				PRODUCT_NAME = "$(TARGET_NAME)";
				SWIFT_VERSION = 4.0;
			};
			name = Debug;
		};
		A0487D5C1FCEC80F00FC3BC0 /* Release */ = {
			isa = XCBuildConfiguration;
			buildSettings = {
				CODE_SIGN_STYLE = Automatic;
				PRODUCT_NAME = "$(TARGET_NAME)";
				SWIFT_VERSION = 4.0;
			};
			name = Release;
		};
		A0487D661FCECEF200FC3BC0 /* Debug */ = {
			isa = XCBuildConfiguration;
			buildSettings = {
				CODE_SIGN_STYLE = Automatic;
				PRODUCT_NAME = "$(TARGET_NAME)";
				SWIFT_VERSION = 4.0;
			};
			name = Debug;
		};
		A0487D671FCECEF200FC3BC0 /* Release */ = {
			isa = XCBuildConfiguration;
			buildSettings = {
				CODE_SIGN_STYLE = Automatic;
				PRODUCT_NAME = "$(TARGET_NAME)";
				SWIFT_VERSION = 4.0;
			};
			name = Release;
		};
		A0487D711FCF7BF100FC3BC0 /* Debug */ = {
			isa = XCBuildConfiguration;
			buildSettings = {
				CODE_SIGN_STYLE = Automatic;
				PRODUCT_NAME = "$(TARGET_NAME)";
				SWIFT_VERSION = 4.0;
			};
			name = Debug;
		};
		A0487D721FCF7BF100FC3BC0 /* Release */ = {
			isa = XCBuildConfiguration;
			buildSettings = {
				CODE_SIGN_STYLE = Automatic;
				PRODUCT_NAME = "$(TARGET_NAME)";
				SWIFT_VERSION = 4.0;
			};
			name = Release;
		};
		A07063131FC4E7E2006CAFD9 /* Debug */ = {
			isa = XCBuildConfiguration;
			buildSettings = {
				ALWAYS_SEARCH_USER_PATHS = NO;
				CLANG_ANALYZER_NONNULL = YES;
				CLANG_ANALYZER_NUMBER_OBJECT_CONVERSION = YES_AGGRESSIVE;
				CLANG_CXX_LANGUAGE_STANDARD = "gnu++14";
				CLANG_CXX_LIBRARY = "libc++";
				CLANG_ENABLE_MODULES = YES;
				CLANG_ENABLE_OBJC_ARC = YES;
				CLANG_WARN_BLOCK_CAPTURE_AUTORELEASING = YES;
				CLANG_WARN_BOOL_CONVERSION = YES;
				CLANG_WARN_COMMA = YES;
				CLANG_WARN_CONSTANT_CONVERSION = YES;
				CLANG_WARN_DIRECT_OBJC_ISA_USAGE = YES_ERROR;
				CLANG_WARN_DOCUMENTATION_COMMENTS = YES;
				CLANG_WARN_EMPTY_BODY = YES;
				CLANG_WARN_ENUM_CONVERSION = YES;
				CLANG_WARN_INFINITE_RECURSION = YES;
				CLANG_WARN_INT_CONVERSION = YES;
				CLANG_WARN_NON_LITERAL_NULL_CONVERSION = YES;
				CLANG_WARN_OBJC_LITERAL_CONVERSION = YES;
				CLANG_WARN_OBJC_ROOT_CLASS = YES_ERROR;
				CLANG_WARN_RANGE_LOOP_ANALYSIS = YES;
				CLANG_WARN_STRICT_PROTOTYPES = YES;
				CLANG_WARN_SUSPICIOUS_MOVE = YES;
				CLANG_WARN_UNGUARDED_AVAILABILITY = YES_AGGRESSIVE;
				CLANG_WARN_UNREACHABLE_CODE = YES;
				CLANG_WARN__DUPLICATE_METHOD_MATCH = YES;
				CODE_SIGN_IDENTITY = "-";
				COPY_PHASE_STRIP = NO;
				DEBUG_INFORMATION_FORMAT = dwarf;
				ENABLE_STRICT_OBJC_MSGSEND = YES;
				ENABLE_TESTABILITY = YES;
				GCC_C_LANGUAGE_STANDARD = gnu11;
				GCC_DYNAMIC_NO_PIC = NO;
				GCC_NO_COMMON_BLOCKS = YES;
				GCC_OPTIMIZATION_LEVEL = 0;
				GCC_PREPROCESSOR_DEFINITIONS = (
					"DEBUG=1",
					"$(inherited)",
				);
				GCC_WARN_64_TO_32_BIT_CONVERSION = YES;
				GCC_WARN_ABOUT_RETURN_TYPE = YES_ERROR;
				GCC_WARN_UNDECLARED_SELECTOR = YES;
				GCC_WARN_UNINITIALIZED_AUTOS = YES_AGGRESSIVE;
				GCC_WARN_UNUSED_FUNCTION = YES;
				GCC_WARN_UNUSED_VARIABLE = YES;
				MACOSX_DEPLOYMENT_TARGET = 10.13;
				MTL_ENABLE_DEBUG_INFO = YES;
				ONLY_ACTIVE_ARCH = YES;
				SDKROOT = macosx;
				SWIFT_ACTIVE_COMPILATION_CONDITIONS = DEBUG;
				SWIFT_OPTIMIZATION_LEVEL = "-Onone";
			};
			name = Debug;
		};
		A07063141FC4E7E2006CAFD9 /* Release */ = {
			isa = XCBuildConfiguration;
			buildSettings = {
				ALWAYS_SEARCH_USER_PATHS = NO;
				CLANG_ANALYZER_NONNULL = YES;
				CLANG_ANALYZER_NUMBER_OBJECT_CONVERSION = YES_AGGRESSIVE;
				CLANG_CXX_LANGUAGE_STANDARD = "gnu++14";
				CLANG_CXX_LIBRARY = "libc++";
				CLANG_ENABLE_MODULES = YES;
				CLANG_ENABLE_OBJC_ARC = YES;
				CLANG_WARN_BLOCK_CAPTURE_AUTORELEASING = YES;
				CLANG_WARN_BOOL_CONVERSION = YES;
				CLANG_WARN_COMMA = YES;
				CLANG_WARN_CONSTANT_CONVERSION = YES;
				CLANG_WARN_DIRECT_OBJC_ISA_USAGE = YES_ERROR;
				CLANG_WARN_DOCUMENTATION_COMMENTS = YES;
				CLANG_WARN_EMPTY_BODY = YES;
				CLANG_WARN_ENUM_CONVERSION = YES;
				CLANG_WARN_INFINITE_RECURSION = YES;
				CLANG_WARN_INT_CONVERSION = YES;
				CLANG_WARN_NON_LITERAL_NULL_CONVERSION = YES;
				CLANG_WARN_OBJC_LITERAL_CONVERSION = YES;
				CLANG_WARN_OBJC_ROOT_CLASS = YES_ERROR;
				CLANG_WARN_RANGE_LOOP_ANALYSIS = YES;
				CLANG_WARN_STRICT_PROTOTYPES = YES;
				CLANG_WARN_SUSPICIOUS_MOVE = YES;
				CLANG_WARN_UNGUARDED_AVAILABILITY = YES_AGGRESSIVE;
				CLANG_WARN_UNREACHABLE_CODE = YES;
				CLANG_WARN__DUPLICATE_METHOD_MATCH = YES;
				CODE_SIGN_IDENTITY = "-";
				COPY_PHASE_STRIP = NO;
				DEBUG_INFORMATION_FORMAT = "dwarf-with-dsym";
				ENABLE_NS_ASSERTIONS = NO;
				ENABLE_STRICT_OBJC_MSGSEND = YES;
				GCC_C_LANGUAGE_STANDARD = gnu11;
				GCC_NO_COMMON_BLOCKS = YES;
				GCC_WARN_64_TO_32_BIT_CONVERSION = YES;
				GCC_WARN_ABOUT_RETURN_TYPE = YES_ERROR;
				GCC_WARN_UNDECLARED_SELECTOR = YES;
				GCC_WARN_UNINITIALIZED_AUTOS = YES_AGGRESSIVE;
				GCC_WARN_UNUSED_FUNCTION = YES;
				GCC_WARN_UNUSED_VARIABLE = YES;
				MACOSX_DEPLOYMENT_TARGET = 10.13;
				MTL_ENABLE_DEBUG_INFO = NO;
				SDKROOT = macosx;
				SWIFT_OPTIMIZATION_LEVEL = "-Owholemodule";
			};
			name = Release;
		};
		A07063161FC4E7E2006CAFD9 /* Debug */ = {
			isa = XCBuildConfiguration;
			buildSettings = {
				CODE_SIGN_STYLE = Automatic;
				PRODUCT_NAME = "$(TARGET_NAME)";
				SWIFT_VERSION = 4.0;
			};
			name = Debug;
		};
		A07063171FC4E7E2006CAFD9 /* Release */ = {
			isa = XCBuildConfiguration;
			buildSettings = {
				CODE_SIGN_STYLE = Automatic;
				PRODUCT_NAME = "$(TARGET_NAME)";
				SWIFT_VERSION = 4.0;
			};
			name = Release;
		};
		A07063211FC4E808006CAFD9 /* Debug */ = {
			isa = XCBuildConfiguration;
			buildSettings = {
				CODE_SIGN_STYLE = Automatic;
				PRODUCT_NAME = "$(TARGET_NAME)";
				SWIFT_VERSION = 4.0;
			};
			name = Debug;
		};
		A07063221FC4E808006CAFD9 /* Release */ = {
			isa = XCBuildConfiguration;
			buildSettings = {
				CODE_SIGN_STYLE = Automatic;
				PRODUCT_NAME = "$(TARGET_NAME)";
				SWIFT_VERSION = 4.0;
			};
			name = Release;
		};
		A070632C1FC5B5DC006CAFD9 /* Debug */ = {
			isa = XCBuildConfiguration;
			buildSettings = {
				CODE_SIGN_STYLE = Automatic;
				PRODUCT_NAME = "$(TARGET_NAME)";
				SWIFT_VERSION = 4.0;
			};
			name = Debug;
		};
		A070632D1FC5B5DC006CAFD9 /* Release */ = {
			isa = XCBuildConfiguration;
			buildSettings = {
				CODE_SIGN_STYLE = Automatic;
				PRODUCT_NAME = "$(TARGET_NAME)";
				SWIFT_VERSION = 4.0;
			};
			name = Release;
		};
/* End XCBuildConfiguration section */

/* Begin XCConfigurationList section */
		A01F27951FC6496B00166F38 /* Build configuration list for PBXNativeTarget "Class&Struct" */ = {
			isa = XCConfigurationList;
			buildConfigurations = (
				A01F27931FC6496B00166F38 /* Debug */,
				A01F27941FC6496B00166F38 /* Release */,
			);
			defaultConfigurationIsVisible = 0;
			defaultConfigurationName = Release;
		};
		A01F27A01FC719B800166F38 /* Build configuration list for PBXNativeTarget "Properties" */ = {
			isa = XCConfigurationList;
			buildConfigurations = (
				A01F279E1FC719B800166F38 /* Debug */,
				A01F279F1FC719B800166F38 /* Release */,
			);
			defaultConfigurationIsVisible = 0;
			defaultConfigurationName = Release;
		};
		A01F27AB1FC79F3E00166F38 /* Build configuration list for PBXNativeTarget "Methods" */ = {
			isa = XCConfigurationList;
			buildConfigurations = (
				A01F27A91FC79F3E00166F38 /* Debug */,
				A01F27AA1FC79F3E00166F38 /* Release */,
			);
			defaultConfigurationIsVisible = 0;
			defaultConfigurationName = Release;
		};
		A02E95711FC900B700F6232B /* Build configuration list for PBXNativeTarget "Index" */ = {
			isa = XCConfigurationList;
			buildConfigurations = (
				A02E956F1FC900B700F6232B /* Debug */,
				A02E95701FC900B700F6232B /* Release */,
			);
			defaultConfigurationIsVisible = 0;
			defaultConfigurationName = Release;
		};
		A02E957A1FC9072200F6232B /* Build configuration list for PBXNativeTarget "Init" */ = {
			isa = XCConfigurationList;
			buildConfigurations = (
				A02E957B1FC9072200F6232B /* Debug */,
				A02E957C1FC9072200F6232B /* Release */,
			);
			defaultConfigurationIsVisible = 0;
			defaultConfigurationName = Release;
		};
		A02E95871FCA68C700F6232B /* Build configuration list for PBXNativeTarget "Deinit" */ = {
			isa = XCConfigurationList;
			buildConfigurations = (
				A02E95851FCA68C700F6232B /* Debug */,
				A02E95861FCA68C700F6232B /* Release */,
			);
			defaultConfigurationIsVisible = 0;
			defaultConfigurationName = Release;
		};
		A02E95901FCA6DD900F6232B /* Build configuration list for PBXNativeTarget "ARCAutomaticReferenceCounting" */ = {
			isa = XCConfigurationList;
			buildConfigurations = (
				A02E95911FCA6DD900F6232B /* Debug */,
				A02E95921FCA6DD900F6232B /* Release */,
			);
			defaultConfigurationIsVisible = 0;
			defaultConfigurationName = Release;
		};
		A02E959B1FCAB51800F6232B /* Build configuration list for PBXNativeTarget "OptionalChaining" */ = {
			isa = XCConfigurationList;
			buildConfigurations = (
				A02E959C1FCAB51800F6232B /* Debug */,
				A02E959D1FCAB51800F6232B /* Release */,
			);
			defaultConfigurationIsVisible = 0;
			defaultConfigurationName = Release;
		};
		A0487D461FCDB37600FC3BC0 /* Build configuration list for PBXNativeTarget "Errorhandling" */ = {
			isa = XCConfigurationList;
			buildConfigurations = (
				A0487D441FCDB37600FC3BC0 /* Debug */,
				A0487D451FCDB37600FC3BC0 /* Release */,
			);
			defaultConfigurationIsVisible = 0;
			defaultConfigurationName = Release;
		};
		A0487D511FCEBFBD00FC3BC0 /* Build configuration list for PBXNativeTarget "TypeTransform" */ = {
			isa = XCConfigurationList;
			buildConfigurations = (
				A0487D4F1FCEBFBD00FC3BC0 /* Debug */,
				A0487D501FCEBFBD00FC3BC0 /* Release */,
			);
			defaultConfigurationIsVisible = 0;
			defaultConfigurationName = Release;
		};
		A0487D5A1FCEC80F00FC3BC0 /* Build configuration list for PBXNativeTarget "Extensions" */ = {
			isa = XCConfigurationList;
			buildConfigurations = (
				A0487D5B1FCEC80F00FC3BC0 /* Debug */,
				A0487D5C1FCEC80F00FC3BC0 /* Release */,
			);
			defaultConfigurationIsVisible = 0;
			defaultConfigurationName = Release;
		};
		A0487D651FCECEF200FC3BC0 /* Build configuration list for PBXNativeTarget "Protocal" */ = {
			isa = XCConfigurationList;
			buildConfigurations = (
				A0487D661FCECEF200FC3BC0 /* Debug */,
				A0487D671FCECEF200FC3BC0 /* Release */,
			);
			defaultConfigurationIsVisible = 0;
			defaultConfigurationName = Release;
		};
		A0487D701FCF7BF100FC3BC0 /* Build configuration list for PBXNativeTarget "Generic" */ = {
			isa = XCConfigurationList;
			buildConfigurations = (
				A0487D711FCF7BF100FC3BC0 /* Debug */,
				A0487D721FCF7BF100FC3BC0 /* Release */,
			);
			defaultConfigurationIsVisible = 0;
			defaultConfigurationName = Release;
		};
		A07063091FC4E7E1006CAFD9 /* Build configuration list for PBXProject "learningSwift" */ = {
			isa = XCConfigurationList;
			buildConfigurations = (
				A07063131FC4E7E2006CAFD9 /* Debug */,
				A07063141FC4E7E2006CAFD9 /* Release */,
			);
			defaultConfigurationIsVisible = 0;
			defaultConfigurationName = Release;
		};
		A07063151FC4E7E2006CAFD9 /* Build configuration list for PBXNativeTarget "learningSwift" */ = {
			isa = XCConfigurationList;
			buildConfigurations = (
				A07063161FC4E7E2006CAFD9 /* Debug */,
				A07063171FC4E7E2006CAFD9 /* Release */,
			);
			defaultConfigurationIsVisible = 0;
			defaultConfigurationName = Release;
		};
		A07063201FC4E808006CAFD9 /* Build configuration list for PBXNativeTarget "Closures" */ = {
			isa = XCConfigurationList;
			buildConfigurations = (
				A07063211FC4E808006CAFD9 /* Debug */,
				A07063221FC4E808006CAFD9 /* Release */,
			);
			defaultConfigurationIsVisible = 0;
			defaultConfigurationName = Release;
		};
		A070632B1FC5B5DC006CAFD9 /* Build configuration list for PBXNativeTarget "Enumerations" */ = {
			isa = XCConfigurationList;
			buildConfigurations = (
				A070632C1FC5B5DC006CAFD9 /* Debug */,
				A070632D1FC5B5DC006CAFD9 /* Release */,
			);
			defaultConfigurationIsVisible = 0;
			defaultConfigurationName = Release;
		};
/* End XCConfigurationList section */
	};
	rootObject = A07063061FC4E7E1006CAFD9 /* Project object */;
}
